
Microsoft Visual Studio Solution File, Format Version 12.00
# Visual Studio Version 16
VisualStudioVersion = 16.0.30804.86
MinimumVisualStudioVersion = 10.0.40219.1
Project("{FAE04EC0-301F-11D3-BF4B-00C04F79EFBC}") = "Assessment-247", "Assessment-247\Assessment-247.csproj", "{B2E65101-4067-444C-B3E2-676E75921BBC}"
EndProject
Global
	GlobalSection(SolutionConfigurationPlatforms) = preSolution
		Debug|Any CPU = Debug|Any CPU
		Release|Any CPU = Release|Any CPU
	EndGlobalSection
	GlobalSection(ProjectConfigurationPlatforms) = postSolution
		{B2E65101-4067-444C-B3E2-676E75921BBC}.Debug|Any CPU.ActiveCfg = Debug|Any CPU
		{B2E65101-4067-444C-B3E2-676E75921BBC}.Debug|Any CPU.Build.0 = Debug|Any CPU
		{B2E65101-4067-444C-B3E2-676E75921BBC}.Release|Any CPU.ActiveCfg = Release|Any CPU
		{B2E65101-4067-444C-B3E2-676E75921BBC}.Release|Any CPU.Build.0 = Release|Any CPU
	EndGlobalSection
	GlobalSection(SolutionProperties) = preSolution
		HideSolutionNode = FALSE
	EndGlobalSection
	GlobalSection(ExtensibilityGlobals) = postSolution
		SolutionGuid = {73A661E5-4EF9-4900-8297-F4C05BA9CAF9}
	EndGlobalSection
EndGlobal
